Microsoft Visual Studio Solution File, Format Version 12.00
# Visual Studio Version 17
VisualStudioVersion = 17.5.2.0
MinimumVisualStudioVersion = 10.0.40219.1
Project("{FAE04EC0-301F-11D3-BF4B-00C04F79EFBC}") = "MongoDbQueryParser", "MongoDbQueryParser.csproj", "{5502959C-2D86-70C0-D032-FA08F6329463}"
EndProject
Global
	GlobalSection(SolutionConfigurationPlatforms) = preSolution
		Debug|Any CPU = Debug|Any CPU
		Release|Any CPU = Release|Any CPU
	EndGlobalSection
	GlobalSection(ProjectConfigurationPlatforms) = postSolution
		{5502959C-2D86-70C0-D032-FA08F6329463}.Debug|Any CPU.ActiveCfg = Debug|Any CPU
		{5502959C-2D86-70C0-D032-FA08F6329463}.Debug|Any CPU.Build.0 = Debug|Any CPU
		{5502959C-2D86-70C0-D032-FA08F6329463}.Release|Any CPU.ActiveCfg = Release|Any CPU
		{5502959C-2D86-70C0-D032-FA08F6329463}.Release|Any CPU.Build.0 = Release|Any CPU
	EndGlobalSection
	GlobalSection(SolutionProperties) = preSolution
		HideSolutionNode = FALSE
	EndGlobalSection
	GlobalSection(ExtensibilityGlobals) = postSolution
		SolutionGuid = {DD2A5D6D-EF1A-4C37-B847-08E73BA3EB76}
	EndGlobalSection
EndGlobal
